
Microsoft Visual Studio Solution File, Format Version 12.00
# Visual Studio Version 17
VisualStudioVersion = 17.14.36603.0 d17.14
MinimumVisualStudioVersion = 10.0.40219.1
Project("{FAE04EC0-301F-11D3-BF4B-00C04F79EFBC}") = "BooksApi", "BooksApi\BooksApi.csproj", "{2031AA2B-47C5-470B-80CA-E7C3522FA9C7}"
EndProject
Project("{FAE04EC0-301F-11D3-BF4B-00C04F79EFBC}") = "BookApi.Tests", "BookApi.Tests\BookApi.Tests.csproj", "{484B6278-D4B9-48C2-98B3-B43CBC98389A}"
EndProject
Global
	GlobalSection(SolutionConfigurationPlatforms) = preSolution
		Debug|Any CPU = Debug|Any CPU
		Release|Any CPU = Release|Any CPU
	EndGlobalSection
	GlobalSection(ProjectConfigurationPlatforms) = postSolution
		{2031AA2B-47C5-470B-80CA-E7C3522FA9C7}.Debug|Any CPU.ActiveCfg = Debug|Any CPU
		{2031AA2B-47C5-470B-80CA-E7C3522FA9C7}.Debug|Any CPU.Build.0 = Debug|Any CPU
		{2031AA2B-47C5-470B-80CA-E7C3522FA9C7}.Release|Any CPU.ActiveCfg = Release|Any CPU
		{2031AA2B-47C5-470B-80CA-E7C3522FA9C7}.Release|Any CPU.Build.0 = Release|Any CPU
		{484B6278-D4B9-48C2-98B3-B43CBC98389A}.Debug|Any CPU.ActiveCfg = Debug|Any CPU
		{484B6278-D4B9-48C2-98B3-B43CBC98389A}.Debug|Any CPU.Build.0 = Debug|Any CPU
		{484B6278-D4B9-48C2-98B3-B43CBC98389A}.Release|Any CPU.ActiveCfg = Release|Any CPU
		{484B6278-D4B9-48C2-98B3-B43CBC98389A}.Release|Any CPU.Build.0 = Release|Any CPU
	EndGlobalSection
	GlobalSection(SolutionProperties) = preSolution
		HideSolutionNode = FALSE
	EndGlobalSection
	GlobalSection(ExtensibilityGlobals) = postSolution
		SolutionGuid = {9F8C2F0B-D127-4FEF-8F46-20B2EB82F9BA}
	EndGlobalSection
EndGlobal
